// !$*UTF8*$!
{
	archiveVersion = 1;
	classes = {
	};
	objectVersion = 46;
	objects = {

/* Begin PBXBuildFile section */
		6BA44B7F1D3C230C0094F6CB /* AppDelegate.swift in Sources */ = {isa = PBXBuildFile; fileRef = 6BA44B7E1D3C230C0094F6CB /* AppDelegate.swift */; };
		6BA44B811D3C230C0094F6CB /* ViewController.swift in Sources */ = {isa = PBXBuildFile; fileRef = 6BA44B801D3C230C0094F6CB /* ViewController.swift */; };
		6BA44B841D3C230C0094F6CB /* Main.storyboard in Resources */ = {isa = PBXBuildFile; fileRef = 6BA44B821D3C230C0094F6CB /* Main.storyboard */; };
		6BA44B861D3C230C0094F6CB /* Assets.xcassets in Resources */ = {isa = PBXBuildFile; fileRef = 6BA44B851D3C230C0094F6CB /* Assets.xcassets */; };
		6BA44B891D3C230C0094F6CB /* LaunchScreen.storyboard in Resources */ = {isa = PBXBuildFile; fileRef = 6BA44B871D3C230C0094F6CB /* LaunchScreen.storyboard */; };
/* End PBXBuildFile section */

/* Begin PBXFileReference section */
		6BA44B7B1D3C230C0094F6CB /* rc-robot.app */ = {isa = PBXFileReference; explicitFileType = wrapper.application; includeInIndex = 0; path = "rc-robot.app"; sourceTree = BUILT_PRODUCTS_DIR; };
		6BA44B7E1D3C230C0094F6CB /* AppDelegate.swift */ = {isa = PBXFileReference; lastKnownFileType = sourcecode.swift; path = AppDelegate.swift; sourceTree = "<group>"; };
		6BA44B801D3C230C0094F6CB /* ViewController.swift */ = {isa = PBXFileReference; lastKnownFileType = sourcecode.swift; path = ViewController.swift; sourceTree = "<group>"; };
		6BA44B831D3C230C0094F6CB /* Base */ = {isa = PBXFileReference; lastKnownFileType = file.storyboard; name = Base; path = Base.lproj/Main.storyboard; sourceTree = "<group>"; };
		6BA44B851D3C230C0094F6CB /* Assets.xcassets */ = {isa = PBXFileReference; lastKnownFileType = folder.assetcatalog; path = Assets.xcassets; sourceTree = "<group>"; };
		6BA44B881D3C230C0094F6CB /* Base */ = {isa = PBXFileReference; lastKnownFileType = file.storyboard; name = Base; path = Base.lproj/LaunchScreen.storyboard; sourceTree = "<group>"; };
		6BA44B8A1D3C230C0094F6CB /* Info.plist */ = {isa = PBXFileReference; lastKnownFileType = text.plist.xml; path = Info.plist; sourceTree = "<group>"; };
/* End PBXFileReference section */

/* Begin PBXFrameworksBuildPhase section */
		6BA44B781D3C230C0094F6CB /* Frameworks */ = {
			isa = PBXFrameworksBuildPhase;
			buildActionMask = 2147483647;
			files = (
			);
			runOnlyForDeploymentPostprocessing = 0;
		};
/* End PBXFrameworksBuildPhase section */

/* Begin PBXGroup section */
		6BA44B721D3C230C0094F6CB = {
			isa = PBXGroup;
			children = (
				6BA44B7D1D3C230C0094F6CB /* rc-robot */,
				6BA44B7C1D3C230C0094F6CB /* Products */,
			);
			sourceTree = "<group>";
		};
		6BA44B7C1D3C230C0094F6CB /* Products */ = {
			isa = PBXGroup;
			children = (
				6BA44B7B1D3C230C0094F6CB /* rc-robot.app */,
			);
			name = Products;
			sourceTree = "<group>";
		};
		6BA44B7D1D3C230C0094F6CB /* rc-robot */ = {
			isa = PBXGroup;
			children = (
				6BA44B7E1D3C230C0094F6CB /* AppDelegate.swift */,
				6BA44B801D3C230C0094F6CB /* ViewController.swift */,
				6BA44B821D3C230C0094F6CB /* Main.storyboard */,
				6BA44B851D3C230C0094F6CB /* Assets.xcassets */,
				6BA44B871D3C230C0094F6CB /* LaunchScreen.storyboard */,
				6BA44B8A1D3C230C0094F6CB /* Info.plist */,
			);
			path = "rc-robot";
			sourceTree = "<group>";
		};
/* End PBXGroup section */

/* Begin PBXNativeTarget section */
		6BA44B7A1D3C230C0094F6CB /* rc-robot */ = {
			isa = PBXNativeTarget;
			buildConfigurationList = 6BA44B8D1D3C230C0094F6CB /* Build configuration list for PBXNativeTarget "rc-robot" */;
			buildPhases = (
				6BA44B771D3C230C0094F6CB /* Sources */,
				6BA44B781D3C230C0094F6CB /* Frameworks */,
				6BA44B791D3C230C0094F6CB /* Resources */,
			);
			buildRules = (
			);
			dependencies = (
			);
			name = "rc-robot";
			productName = "rc-robot";
			productReference = 6BA44B7B1D3C230C0094F6CB /* rc-robot.app */;
			productType = "com.apple.product-type.application";
		};
/* End PBXNativeTarget section */

/* Begin PBXProject section */
		6BA44B731D3C230C0094F6CB /* Project object */ = {
			isa = PBXProject;
			attributes = {
				LastSwiftUpdateCheck = 0730;
				LastUpgradeCheck = 0730;
				ORGANIZATIONNAME = com.github.gmousset;
				TargetAttributes = {
					6BA44B7A1D3C230C0094F6CB = {
						CreatedOnToolsVersion = 7.3.1;
						DevelopmentTeam = NMTEX5VD28;
					};
				};
			};
			buildConfigurationList = 6BA44B761D3C230C0094F6CB /* Build configuration list for PBXProject "rc-robot" */;
			compatibilityVersion = "Xcode 3.2";
			developmentRegion = English;
			hasScannedForEncodings = 0;
			knownRegions = (
				en,
				Base,
			);
			mainGroup = 6BA44B721D3C230C0094F6CB;
			productRefGroup = 6BA44B7C1D3C230C0094F6CB /* Products */;
			projectDirPath = "";
			projectRoot = "";
			targets = (
				6BA44B7A1D3C230C0094F6CB /* rc-robot */,
			);
		};
/* End PBXProject section */

/* Begin PBXResourcesBuildPhase section */
		6BA44B791D3C230C0094F6CB /* Resources */ = {
			isa = PBXResourcesBuildPhase;
			buildActionMask = 2147483647;
			files = (
				6BA44B891D3C230C0094F6CB /* LaunchScreen.storyboard in Resources */,
				6BA44B861D3C230C0094F6CB /* Assets.xcassets in Resources */,
				6BA44B841D3C230C0094F6CB /* Main.storyboard in Resources */,
			);
			runOnlyForDeploymentPostprocessing = 0;
		};
/* End PBXResourcesBuildPhase section */

/* Begin PBXSourcesBuildPhase section */
		6BA44B771D3C230C0094F6CB /* Sources */ = {
			isa = PBXSourcesBuildPhase;
			buildActionMask = 2147483647;
			files = (
				6BA44B811D3C230C0094F6CB /* ViewController.swift in Sources */,
				6BA44B7F1D3C230C0094F6CB /* AppDelegate.swift in Sources */,
			);
			runOnlyForDeploymentPostprocessing = 0;
		};
/* End PBXSourcesBuildPhase section */

/* Begin PBXVariantGroup section */
		6BA44B821D3C230C0094F6CB /* Main.storyboard */ = {
			isa = PBXVariantGroup;
			children = (
				6BA44B831D3C230C0094F6CB /* Base */,
			);
			name = Main.storyboard;
			sourceTree = "<group>";
		};
		6BA44B871D3C230C0094F6CB /* LaunchScreen.storyboard */ = {
			isa = PBXVariantGroup;
			children = (
				6BA44B881D3C230C0094F6CB /* Base */,
			);
			name = LaunchScreen.storyboard;
			sourceTree = "<group>";
		};
/* End PBXVariantGroup section */

/* Begin XCBuildConfiguration section */
		6BA44B8B1D3C230C0094F6CB /* Debug */ = {
			isa = XCBuildConfiguration;
			buildSettings = {
				ALWAYS_SEARCH_USER_PATHS = NO;
				CLANG_ANALYZER_NONNULL = YES;
				CLANG_CXX_LANGUAGE_STANDARD = "gnu++0x";
				CLANG_CXX_LIBRARY = "libc++";
				CLANG_ENABLE_MODULES = YES;
				CLANG_ENABLE_OBJC_ARC = YES;
				CLANG_WARN_BOOL_CONVERSION = YES;
				CLANG_WARN_CONSTANT_CONVERSION = YES;
				CLANG_WARN_DIRECT_OBJC_ISA_USAGE = YES_ERROR;
				CLANG_WARN_EMPTY_BODY = YES;
				CLANG_WARN_ENUM_CONVERSION = YES;
				CLANG_WARN_INT_CONVERSION = YES;
				CLANG_WARN_OBJC_ROOT_CLASS = YES_ERROR;
				CLANG_WARN_UNREACHABLE_CODE = YES;
				CLANG_WARN__DUPLICATE_METHOD_MATCH = YES;
				"CODE_SIGN_IDENTITY[sdk=iphoneos*]" = "iPhone Developer";
				COPY_PHASE_STRIP = NO;
				DEBUG_INFORMATION_FORMAT = dwarf;
				ENABLE_STRICT_OBJC_MSGSEND = YES;
				ENABLE_TESTABILITY = YES;
				GCC_C_LANGUAGE_STANDARD = gnu99;
				GCC_DYNAMIC_NO_PIC = NO;
				GCC_NO_COMMON_BLOCKS = YES;
				GCC_OPTIMIZATION_LEVEL = 0;
				GCC_PREPROCESSOR_DEFINITIONS = (
					"DEBUG=1",
					"$(inherited)",
				);
				GCC_WARN_64_TO_32_BIT_CONVERSION = YES;
				GCC_WARN_ABOUT_RETURN_TYPE = YES_ERROR;
				GCC_WARN_UNDECLARED_SELECTOR = YES;
				GCC_WARN_UNINITIALIZED_AUTOS = YES_AGGRESSIVE;
				GCC_WARN_UNUSED_FUNCTION = YES;
				GCC_WARN_UNUSED_VARIABLE = YES;
				IPHONEOS_DEPLOYMENT_TARGET = 9.3;
				MTL_ENABLE_DEBUG_INFO = YES;
				ONLY_ACTIVE_ARCH = YES;
				SDKROOT = iphoneos;
				SWIFT_OPTIMIZATION_LEVEL = "-Onone";
			};
			name = Debug;
		};
		6BA44B8C1D3C230C0094F6CB /* Release */ = {
			isa = XCBuildConfiguration;
			buildSettings = {
				ALWAYS_SEARCH_USER_PATHS = NO;
				CLANG_ANALYZER_NONNULL = YES;
				CLANG_CXX_LANGUAGE_STANDARD = "gnu++0x";
				CLANG_CXX_LIBRARY = "libc++";
				CLANG_ENABLE_MODULES = YES;
				CLANG_ENABLE_OBJC_ARC = YES;
				CLANG_WARN_BOOL_CONVERSION = YES;
				CLANG_WARN_CONSTANT_CONVERSION = YES;
				CLANG_WARN_DIRECT_OBJC_ISA_USAGE = YES_ERROR;
				CLANG_WARN_EMPTY_BODY = YES;
				CLANG_WARN_ENUM_CONVERSION = YES;
				CLANG_WARN_INT_CONVERSION = YES;
				CLANG_WARN_OBJC_ROOT_CLASS = YES_ERROR;
				CLANG_WARN_UNREACHABLE_CODE = YES;
				CLANG_WARN__DUPLICATE_METHOD_MATCH = YES;
				"CODE_SIGN_IDENTITY[sdk=iphoneos*]" = "iPhone Developer";
				COPY_PHASE_STRIP = NO;
				DEBUG_INFORMATION_FORMAT = "dwarf-with-dsym";
				ENABLE_NS_ASSERTIONS = NO;
				ENABLE_STRICT_OBJC_MSGSEND = YES;
				GCC_C_LANGUAGE_STANDARD = gnu99;
				GCC_NO_COMMON_BLOCKS = YES;
				GCC_WARN_64_TO_32_BIT_CONVERSION = YES;
				GCC_WARN_ABOUT_RETURN_TYPE = YES_ERROR;
				GCC_WARN_UNDECLARED_SELECTOR = YES;
				GCC_WARN_UNINITIALIZED_AUTOS = YES_AGGRESSIVE;
				GCC_WARN_UNUSED_FUNCTION = YES;
				GCC_WARN_UNUSED_VARIABLE = YES;
				IPHONEOS_DEPLOYMENT_TARGET = 9.3;
				MTL_ENABLE_DEBUG_INFO = NO;
				SDKROOT = iphoneos;
				VALIDATE_PRODUCT = YES;
			};
			name = Release;
		};
		6BA44B8E1D3C230C0094F6CB /* Debug */ = {
			isa = XCBuildConfiguration;
			buildSettings = {
				ASSETCATALOG_COMPILER_APPICON_NAME = AppIcon;
				INFOPLIST_FILE = "rc-robot/Info.plist";
				LD_RUNPATH_SEARCH_PATHS = "$(inherited) @executable_path/Frameworks";
				PRODUCT_BUNDLE_IDENTIFIER = "com.github.gmousset.rc-robot";
				PRODUCT_NAME = "$(TARGET_NAME)";
			};
			name = Debug;
		};
		6BA44B8F1D3C230C0094F6CB /* Release */ = {
			isa = XCBuildConfiguration;
			buildSettings = {
				ASSETCATALOG_COMPILER_APPICON_NAME = AppIcon;
				INFOPLIST_FILE = "rc-robot/Info.plist";
				LD_RUNPATH_SEARCH_PATHS = "$(inherited) @executable_path/Frameworks";
				PRODUCT_BUNDLE_IDENTIFIER = "com.github.gmousset.rc-robot";
				PRODUCT_NAME = "$(TARGET_NAME)";
			};
			name = Release;
		};
/* End XCBuildConfiguration section */

/* Begin XCConfigurationList section */
		6BA44B761D3C230C0094F6CB /* Build configuration list for PBXProject "rc-robot" */ = {
			isa = XCConfigurationList;
			buildConfigurations = (
				6BA44B8B1D3C230C0094F6CB /* Debug */,
				6BA44B8C1D3C230C0094F6CB /* Release */,
			);
			defaultConfigurationIsVisible = 0;
			defaultConfigurationName = Release;
		};
		6BA44B8D1D3C230C0094F6CB /* Build configuration list for PBXNativeTarget "rc-robot" */ = {
			isa = XCConfigurationList;
			buildConfigurations = (
				6BA44B8E1D3C230C0094F6CB /* Debug */,
				6BA44B8F1D3C230C0094F6CB /* Release */,
			);
			defaultConfigurationIsVisible = 0;
		};
/* End XCConfigurationList section */
	};
	rootObject = 6BA44B731D3C230C0094F6CB /* Project object */;
}
